
Microsoft Visual Studio Solution File, Format Version 12.00
# Visual Studio 15
VisualStudioVersion = 15.0.27004.2006
MinimumVisualStudioVersion = 10.0.40219.1
Project("{FAE04EC0-301F-11D3-BF4B-00C04F79EFBC}") = "MyFortuneAPI", "MyFortuneAPI\MyFortuneAPI.csproj", "{3219F266-72BA-407B-A604-D636B38C067C}"
EndProject
Global
	GlobalSection(SolutionConfigurationPlatforms) = preSolution
		Debug|Any CPU = Debug|Any CPU
		Release|Any CPU = Release|Any CPU
	EndGlobalSection
	GlobalSection(ProjectConfigurationPlatforms) = postSolution
		{3219F266-72BA-407B-A604-D636B38C067C}.Debug|Any CPU.ActiveCfg = Debug|Any CPU
		{3219F266-72BA-407B-A604-D636B38C067C}.Debug|Any CPU.Build.0 = Debug|Any CPU
		{3219F266-72BA-407B-A604-D636B38C067C}.Release|Any CPU.ActiveCfg = Release|Any CPU
		{3219F266-72BA-407B-A604-D636B38C067C}.Release|Any CPU.Build.0 = Release|Any CPU
	EndGlobalSection
	GlobalSection(SolutionProperties) = preSolution
		HideSolutionNode = FALSE
	EndGlobalSection
	GlobalSection(ExtensibilityGlobals) = postSolution
		SolutionGuid = {BF04FC8B-B643-45CA-84AA-8771C95CE828}
	EndGlobalSection
EndGlobal
